// !$*UTF8*$!
{
	archiveVersion = 1;
	classes = {
	};
	objectVersion = 50;
	objects = {

/* Begin PBXBuildFile section */
		F6802F0E20E9EB3000BEC00C /* AppDelegate.swift in Sources */ = {isa = PBXBuildFile; fileRef = F6802F0D20E9EB3000BEC00C /* AppDelegate.swift */; };
		F6802F1320E9EB3000BEC00C /* Main.storyboard in Resources */ = {isa = PBXBuildFile; fileRef = F6802F1120E9EB3000BEC00C /* Main.storyboard */; };
		F6802F1520E9EB3400BEC00C /* Assets.xcassets in Resources */ = {isa = PBXBuildFile; fileRef = F6802F1420E9EB3400BEC00C /* Assets.xcassets */; };
		F6802F1820E9EB3400BEC00C /* LaunchScreen.storyboard in Resources */ = {isa = PBXBuildFile; fileRef = F6802F1620E9EB3400BEC00C /* LaunchScreen.storyboard */; };
		F6802F2120E9EE4800BEC00C /* JournalDetailViewController.swift in Sources */ = {isa = PBXBuildFile; fileRef = F6802F2020E9EE4800BEC00C /* JournalDetailViewController.swift */; };
		F6802F2320E9EE7A00BEC00C /* JournalTableViewController.swift in Sources */ = {isa = PBXBuildFile; fileRef = F6802F2220E9EE7A00BEC00C /* JournalTableViewController.swift */; };
		F6802F2520E9EECE00BEC00C /* CreateJournalViewController.swift in Sources */ = {isa = PBXBuildFile; fileRef = F6802F2420E9EECE00BEC00C /* CreateJournalViewController.swift */; };
		F6802F2720E9EEFB00BEC00C /* PhotoCollectionViewController.swift in Sources */ = {isa = PBXBuildFile; fileRef = F6802F2620E9EEFB00BEC00C /* PhotoCollectionViewController.swift */; };
/* End PBXBuildFile section */

/* Begin PBXFileReference section */
		F6802F0A20E9EB3000BEC00C /* DayOne.app */ = {isa = PBXFileReference; explicitFileType = wrapper.application; includeInIndex = 0; path = DayOne.app; sourceTree = BUILT_PRODUCTS_DIR; };
		F6802F0D20E9EB3000BEC00C /* AppDelegate.swift */ = {isa = PBXFileReference; lastKnownFileType = sourcecode.swift; path = AppDelegate.swift; sourceTree = "<group>"; };
		F6802F1220E9EB3000BEC00C /* Base */ = {isa = PBXFileReference; lastKnownFileType = file.storyboard; name = Base; path = Base.lproj/Main.storyboard; sourceTree = "<group>"; };
		F6802F1420E9EB3400BEC00C /* Assets.xcassets */ = {isa = PBXFileReference; lastKnownFileType = folder.assetcatalog; path = Assets.xcassets; sourceTree = "<group>"; };
		F6802F1720E9EB3400BEC00C /* Base */ = {isa = PBXFileReference; lastKnownFileType = file.storyboard; name = Base; path = Base.lproj/LaunchScreen.storyboard; sourceTree = "<group>"; };
		F6802F1920E9EB3400BEC00C /* Info.plist */ = {isa = PBXFileReference; lastKnownFileType = text.plist.xml; path = Info.plist; sourceTree = "<group>"; };
		F6802F2020E9EE4800BEC00C /* JournalDetailViewController.swift */ = {isa = PBXFileReference; lastKnownFileType = sourcecode.swift; path = JournalDetailViewController.swift; sourceTree = "<group>"; };
		F6802F2220E9EE7A00BEC00C /* JournalTableViewController.swift */ = {isa = PBXFileReference; lastKnownFileType = sourcecode.swift; path = JournalTableViewController.swift; sourceTree = "<group>"; };
		F6802F2420E9EECE00BEC00C /* CreateJournalViewController.swift */ = {isa = PBXFileReference; lastKnownFileType = sourcecode.swift; path = CreateJournalViewController.swift; sourceTree = "<group>"; };
		F6802F2620E9EEFB00BEC00C /* PhotoCollectionViewController.swift */ = {isa = PBXFileReference; lastKnownFileType = sourcecode.swift; path = PhotoCollectionViewController.swift; sourceTree = "<group>"; };
/* End PBXFileReference section */

/* Begin PBXFrameworksBuildPhase section */
		F6802F0720E9EB3000BEC00C /* Frameworks */ = {
			isa = PBXFrameworksBuildPhase;
			buildActionMask = 2147483647;
			files = (
			);
			runOnlyForDeploymentPostprocessing = 0;
		};
/* End PBXFrameworksBuildPhase section */

/* Begin PBXGroup section */
		F6802F0120E9EB3000BEC00C = {
			isa = PBXGroup;
			children = (
				F6802F0C20E9EB3000BEC00C /* DayOne */,
				F6802F0B20E9EB3000BEC00C /* Products */,
			);
			sourceTree = "<group>";
		};
		F6802F0B20E9EB3000BEC00C /* Products */ = {
			isa = PBXGroup;
			children = (
				F6802F0A20E9EB3000BEC00C /* DayOne.app */,
			);
			name = Products;
			sourceTree = "<group>";
		};
		F6802F0C20E9EB3000BEC00C /* DayOne */ = {
			isa = PBXGroup;
			children = (
				F6802F1F20E9EE2C00BEC00C /* View Controllers */,
				F6802F0D20E9EB3000BEC00C /* AppDelegate.swift */,
				F6802F1120E9EB3000BEC00C /* Main.storyboard */,
				F6802F1420E9EB3400BEC00C /* Assets.xcassets */,
				F6802F1620E9EB3400BEC00C /* LaunchScreen.storyboard */,
				F6802F1920E9EB3400BEC00C /* Info.plist */,
			);
			path = DayOne;
			sourceTree = "<group>";
		};
		F6802F1F20E9EE2C00BEC00C /* View Controllers */ = {
			isa = PBXGroup;
			children = (
				F6802F2020E9EE4800BEC00C /* JournalDetailViewController.swift */,
				F6802F2220E9EE7A00BEC00C /* JournalTableViewController.swift */,
				F6802F2420E9EECE00BEC00C /* CreateJournalViewController.swift */,
				F6802F2620E9EEFB00BEC00C /* PhotoCollectionViewController.swift */,
			);
			path = "View Controllers";
			sourceTree = "<group>";
		};
/* End PBXGroup section */

/* Begin PBXNativeTarget section */
		F6802F0920E9EB3000BEC00C /* DayOne */ = {
			isa = PBXNativeTarget;
			buildConfigurationList = F6802F1C20E9EB3400BEC00C /* Build configuration list for PBXNativeTarget "DayOne" */;
			buildPhases = (
				F6802F0620E9EB3000BEC00C /* Sources */,
				F6802F0720E9EB3000BEC00C /* Frameworks */,
				F6802F0820E9EB3000BEC00C /* Resources */,
			);
			buildRules = (
			);
			dependencies = (
			);
			name = DayOne;
			productName = DayOne;
			productReference = F6802F0A20E9EB3000BEC00C /* DayOne.app */;
			productType = "com.apple.product-type.application";
		};
/* End PBXNativeTarget section */

/* Begin PBXProject section */
		F6802F0220E9EB3000BEC00C /* Project object */ = {
			isa = PBXProject;
			attributes = {
				LastSwiftUpdateCheck = 0940;
				LastUpgradeCheck = 0940;
				ORGANIZATIONNAME = "Lane Faison";
				TargetAttributes = {
					F6802F0920E9EB3000BEC00C = {
						CreatedOnToolsVersion = 9.4.1;
					};
				};
			};
			buildConfigurationList = F6802F0520E9EB3000BEC00C /* Build configuration list for PBXProject "DayOne" */;
			compatibilityVersion = "Xcode 9.3";
			developmentRegion = en;
			hasScannedForEncodings = 0;
			knownRegions = (
				en,
				Base,
			);
			mainGroup = F6802F0120E9EB3000BEC00C;
			productRefGroup = F6802F0B20E9EB3000BEC00C /* Products */;
			projectDirPath = "";
			projectRoot = "";
			targets = (
				F6802F0920E9EB3000BEC00C /* DayOne */,
			);
		};
/* End PBXProject section */

/* Begin PBXResourcesBuildPhase section */
		F6802F0820E9EB3000BEC00C /* Resources */ = {
			isa = PBXResourcesBuildPhase;
			buildActionMask = 2147483647;
			files = (
				F6802F1820E9EB3400BEC00C /* LaunchScreen.storyboard in Resources */,
				F6802F1520E9EB3400BEC00C /* Assets.xcassets in Resources */,
				F6802F1320E9EB3000BEC00C /* Main.storyboard in Resources */,
			);
			runOnlyForDeploymentPostprocessing = 0;
		};
/* End PBXResourcesBuildPhase section */

/* Begin PBXSourcesBuildPhase section */
		F6802F0620E9EB3000BEC00C /* Sources */ = {
			isa = PBXSourcesBuildPhase;
			buildActionMask = 2147483647;
			files = (
				F6802F2720E9EEFB00BEC00C /* PhotoCollectionViewController.swift in Sources */,
				F6802F0E20E9EB3000BEC00C /* AppDelegate.swift in Sources */,
				F6802F2320E9EE7A00BEC00C /* JournalTableViewController.swift in Sources */,
				F6802F2520E9EECE00BEC00C /* CreateJournalViewController.swift in Sources */,
				F6802F2120E9EE4800BEC00C /* JournalDetailViewController.swift in Sources */,
			);
			runOnlyForDeploymentPostprocessing = 0;
		};
/* End PBXSourcesBuildPhase section */

/* Begin PBXVariantGroup section */
		F6802F1120E9EB3000BEC00C /* Main.storyboard */ = {
			isa = PBXVariantGroup;
			children = (
				F6802F1220E9EB3000BEC00C /* Base */,
			);
			name = Main.storyboard;
			sourceTree = "<group>";
		};
		F6802F1620E9EB3400BEC00C /* LaunchScreen.storyboard */ = {
			isa = PBXVariantGroup;
			children = (
				F6802F1720E9EB3400BEC00C /* Base */,
			);
			name = LaunchScreen.storyboard;
			sourceTree = "<group>";
		};
/* End PBXVariantGroup section */

/* Begin XCBuildConfiguration section */
		F6802F1A20E9EB3400BEC00C /* Debug */ = {
			isa = XCBuildConfiguration;
			buildSettings = {
				ALWAYS_SEARCH_USER_PATHS = NO;
				CLANG_ANALYZER_NONNULL = YES;
				CLANG_ANALYZER_NUMBER_OBJECT_CONVERSION = YES_AGGRESSIVE;
				CLANG_CXX_LANGUAGE_STANDARD = "gnu++14";
				CLANG_CXX_LIBRARY = "libc++";
				CLANG_ENABLE_MODULES = YES;
				CLANG_ENABLE_OBJC_ARC = YES;
				CLANG_ENABLE_OBJC_WEAK = YES;
				CLANG_WARN_BLOCK_CAPTURE_AUTORELEASING = YES;
				CLANG_WARN_BOOL_CONVERSION = YES;
				CLANG_WARN_COMMA = YES;
				CLANG_WARN_CONSTANT_CONVERSION = YES;
				CLANG_WARN_DEPRECATED_OBJC_IMPLEMENTATIONS = YES;
				CLANG_WARN_DIRECT_OBJC_ISA_USAGE = YES_ERROR;
				CLANG_WARN_DOCUMENTATION_COMMENTS = YES;
				CLANG_WARN_EMPTY_BODY = YES;
				CLANG_WARN_ENUM_CONVERSION = YES;
				CLANG_WARN_INFINITE_RECURSION = YES;
				CLANG_WARN_INT_CONVERSION = YES;
				CLANG_WARN_NON_LITERAL_NULL_CONVERSION = YES;
				CLANG_WARN_OBJC_IMPLICIT_RETAIN_SELF = YES;
				CLANG_WARN_OBJC_LITERAL_CONVERSION = YES;
				CLANG_WARN_OBJC_ROOT_CLASS = YES_ERROR;
				CLANG_WARN_RANGE_LOOP_ANALYSIS = YES;
				CLANG_WARN_STRICT_PROTOTYPES = YES;
				CLANG_WARN_SUSPICIOUS_MOVE = YES;
				CLANG_WARN_UNGUARDED_AVAILABILITY = YES_AGGRESSIVE;
				CLANG_WARN_UNREACHABLE_CODE = YES;
				CLANG_WARN__DUPLICATE_METHOD_MATCH = YES;
				CODE_SIGN_IDENTITY = "iPhone Developer";
				COPY_PHASE_STRIP = NO;
				DEBUG_INFORMATION_FORMAT = dwarf;
				ENABLE_STRICT_OBJC_MSGSEND = YES;
				ENABLE_TESTABILITY = YES;
				GCC_C_LANGUAGE_STANDARD = gnu11;
				GCC_DYNAMIC_NO_PIC = NO;
				GCC_NO_COMMON_BLOCKS = YES;
				GCC_OPTIMIZATION_LEVEL = 0;
				GCC_PREPROCESSOR_DEFINITIONS = (
					"DEBUG=1",
					"$(inherited)",
				);
				GCC_WARN_64_TO_32_BIT_CONVERSION = YES;
				GCC_WARN_ABOUT_RETURN_TYPE = YES_ERROR;
				GCC_WARN_UNDECLARED_SELECTOR = YES;
				GCC_WARN_UNINITIALIZED_AUTOS = YES_AGGRESSIVE;
				GCC_WARN_UNUSED_FUNCTION = YES;
				GCC_WARN_UNUSED_VARIABLE = YES;
				IPHONEOS_DEPLOYMENT_TARGET = 11.4;
				MTL_ENABLE_DEBUG_INFO = YES;
				ONLY_ACTIVE_ARCH = YES;
				SDKROOT = iphoneos;
				SWIFT_ACTIVE_COMPILATION_CONDITIONS = DEBUG;
				SWIFT_OPTIMIZATION_LEVEL = "-Onone";
			};
			name = Debug;
		};
		F6802F1B20E9EB3400BEC00C /* Release */ = {
			isa = XCBuildConfiguration;
			buildSettings = {
				ALWAYS_SEARCH_USER_PATHS = NO;
				CLANG_ANALYZER_NONNULL = YES;
				CLANG_ANALYZER_NUMBER_OBJECT_CONVERSION = YES_AGGRESSIVE;
				CLANG_CXX_LANGUAGE_STANDARD = "gnu++14";
				CLANG_CXX_LIBRARY = "libc++";
				CLANG_ENABLE_MODULES = YES;
				CLANG_ENABLE_OBJC_ARC = YES;
				CLANG_ENABLE_OBJC_WEAK = YES;
				CLANG_WARN_BLOCK_CAPTURE_AUTORELEASING = YES;
				CLANG_WARN_BOOL_CONVERSION = YES;
				CLANG_WARN_COMMA = YES;
				CLANG_WARN_CONSTANT_CONVERSION = YES;
				CLANG_WARN_DEPRECATED_OBJC_IMPLEMENTATIONS = YES;
				CLANG_WARN_DIRECT_OBJC_ISA_USAGE = YES_ERROR;
				CLANG_WARN_DOCUMENTATION_COMMENTS = YES;
				CLANG_WARN_EMPTY_BODY = YES;
				CLANG_WARN_ENUM_CONVERSION = YES;
				CLANG_WARN_INFINITE_RECURSION = YES;
				CLANG_WARN_INT_CONVERSION = YES;
				CLANG_WARN_NON_LITERAL_NULL_CONVERSION = YES;
				CLANG_WARN_OBJC_IMPLICIT_RETAIN_SELF = YES;
				CLANG_WARN_OBJC_LITERAL_CONVERSION = YES;
				CLANG_WARN_OBJC_ROOT_CLASS = YES_ERROR;
				CLANG_WARN_RANGE_LOOP_ANALYSIS = YES;
				CLANG_WARN_STRICT_PROTOTYPES = YES;
				CLANG_WARN_SUSPICIOUS_MOVE = YES;
				CLANG_WARN_UNGUARDED_AVAILABILITY = YES_AGGRESSIVE;
				CLANG_WARN_UNREACHABLE_CODE = YES;
				CLANG_WARN__DUPLICATE_METHOD_MATCH = YES;
				CODE_SIGN_IDENTITY = "iPhone Developer";
				COPY_PHASE_STRIP = NO;
				DEBUG_INFORMATION_FORMAT = "dwarf-with-dsym";
				ENABLE_NS_ASSERTIONS = NO;
				ENABLE_STRICT_OBJC_MSGSEND = YES;
				GCC_C_LANGUAGE_STANDARD = gnu11;
				GCC_NO_COMMON_BLOCKS = YES;
				GCC_WARN_64_TO_32_BIT_CONVERSION = YES;
				GCC_WARN_ABOUT_RETURN_TYPE = YES_ERROR;
				GCC_WARN_UNDECLARED_SELECTOR = YES;
				GCC_WARN_UNINITIALIZED_AUTOS = YES_AGGRESSIVE;
				GCC_WARN_UNUSED_FUNCTION = YES;
				GCC_WARN_UNUSED_VARIABLE = YES;
				IPHONEOS_DEPLOYMENT_TARGET = 11.4;
				MTL_ENABLE_DEBUG_INFO = NO;
				SDKROOT = iphoneos;
				SWIFT_COMPILATION_MODE = wholemodule;
				SWIFT_OPTIMIZATION_LEVEL = "-O";
				VALIDATE_PRODUCT = YES;
			};
			name = Release;
		};
		F6802F1D20E9EB3400BEC00C /* Debug */ = {
			isa = XCBuildConfiguration;
			buildSettings = {
				ASSETCATALOG_COMPILER_APPICON_NAME = AppIcon;
				CODE_SIGN_STYLE = Automatic;
				DEVELOPMENT_TEAM = 34KC4VR7Y2;
				INFOPLIST_FILE = DayOne/Info.plist;
				LD_RUNPATH_SEARCH_PATHS = (
					"$(inherited)",
					"@executable_path/Frameworks",
				);
				PRODUCT_BUNDLE_IDENTIFIER = com.lanefaison.DayOne;
				PRODUCT_NAME = "$(TARGET_NAME)";
				SWIFT_VERSION = 4.0;
				TARGETED_DEVICE_FAMILY = "1,2";
			};
			name = Debug;
		};
		F6802F1E20E9EB3400BEC00C /* Release */ = {
			isa = XCBuildConfiguration;
			buildSettings = {
				ASSETCATALOG_COMPILER_APPICON_NAME = AppIcon;
				CODE_SIGN_STYLE = Automatic;
				DEVELOPMENT_TEAM = 34KC4VR7Y2;
				INFOPLIST_FILE = DayOne/Info.plist;
				LD_RUNPATH_SEARCH_PATHS = (
					"$(inherited)",
					"@executable_path/Frameworks",
				);
				PRODUCT_BUNDLE_IDENTIFIER = com.lanefaison.DayOne;
				PRODUCT_NAME = "$(TARGET_NAME)";
				SWIFT_VERSION = 4.0;
				TARGETED_DEVICE_FAMILY = "1,2";
			};
			name = Release;
		};
/* End XCBuildConfiguration section */

/* Begin XCConfigurationList section */
		F6802F0520E9EB3000BEC00C /* Build configuration list for PBXProject "DayOne" */ = {
			isa = XCConfigurationList;
			buildConfigurations = (
				F6802F1A20E9EB3400BEC00C /* Debug */,
				F6802F1B20E9EB3400BEC00C /* Release */,
			);
			defaultConfigurationIsVisible = 0;
			defaultConfigurationName = Release;
		};
		F6802F1C20E9EB3400BEC00C /* Build configuration list for PBXNativeTarget "DayOne" */ = {
			isa = XCConfigurationList;
			buildConfigurations = (
				F6802F1D20E9EB3400BEC00C /* Debug */,
				F6802F1E20E9EB3400BEC00C /* Release */,
			);
			defaultConfigurationIsVisible = 0;
			defaultConfigurationName = Release;
		};
/* End XCConfigurationList section */
	};
	rootObject = F6802F0220E9EB3000BEC00C /* Project object */;
}
